Microsoft Visual Studio Solution File, Format Version 11.00
# Visual Studio 2008

Project("{ECD1E2F8-48D2-F6CB-9284-2213C61A2C93}") = "couroutine_lesson", "Assembly-CSharp.csproj", "{93572F87-EB4E-F8CF-5729-2419AC4A5C7A}"
EndProject
Global
	GlobalSection(SolutionConfigurationPlatforms) = preSolution
		Debug|Any CPU = Debug|Any CPU
		Release|Any CPU = Release|Any CPU
	EndGlobalSection
	GlobalSection(ProjectConfigurationPlatforms) = postSolution
		{93572F87-EB4E-F8CF-5729-2419AC4A5C7A}.Debug|Any CPU.ActiveCfg = Debug|Any CPU
		{93572F87-EB4E-F8CF-5729-2419AC4A5C7A}.Debug|Any CPU.Build.0 = Debug|Any CPU
		{93572F87-EB4E-F8CF-5729-2419AC4A5C7A}.Release|Any CPU.ActiveCfg = Release|Any CPU
		{93572F87-EB4E-F8CF-5729-2419AC4A5C7A}.Release|Any CPU.Build.0 = Release|Any CPU
	EndGlobalSection
	GlobalSection(SolutionProperties) = preSolution
		HideSolutionNode = FALSE
	EndGlobalSection
	GlobalSection(MonoDevelopProperties) = preSolution
		StartupItem = Assembly-CSharp.csproj
	EndGlobalSection
EndGlobal
